
Microsoft Visual Studio Solution File, Format Version 12.00
# Visual Studio Version 17
VisualStudioVersion = 17.0.31903.59
MinimumVisualStudioVersion = 10.0.40219.1
Project("{FAE04EC0-301F-11D3-BF4B-00C04F79EFBC}") = "FNA-NET.NativeAssets", "FNA-NET.NativeAssets\FNA-NET.NativeAssets.csproj", "{BE582835-9F98-4A3D-ABB1-77E51F403848}"
EndProject
Project("{FAE04EC0-301F-11D3-BF4B-00C04F79EFBC}") = "FNA-NET.NativeAssets.MoltenVK", "FNA-NET.NativeAssets.MoltenVK\FNA-NET.NativeAssets.MoltenVK.csproj", "{D8900BBB-0818-43D8-BE5A-25F56B33C33E}"
EndProject
Global
	GlobalSection(SolutionConfigurationPlatforms) = preSolution
		Debug|Any CPU = Debug|Any CPU
		Release|Any CPU = Release|Any CPU
	EndGlobalSection
	GlobalSection(SolutionProperties) = preSolution
		HideSolutionNode = FALSE
	EndGlobalSection
	GlobalSection(ProjectConfigurationPlatforms) = postSolution
		{BE582835-9F98-4A3D-ABB1-77E51F403848}.Debug|Any CPU.ActiveCfg = Debug|Any CPU
		{BE582835-9F98-4A3D-ABB1-77E51F403848}.Debug|Any CPU.Build.0 = Debug|Any CPU
		{BE582835-9F98-4A3D-ABB1-77E51F403848}.Release|Any CPU.ActiveCfg = Release|Any CPU
		{BE582835-9F98-4A3D-ABB1-77E51F403848}.Release|Any CPU.Build.0 = Release|Any CPU
		{D8900BBB-0818-43D8-BE5A-25F56B33C33E}.Debug|Any CPU.ActiveCfg = Debug|Any CPU
		{D8900BBB-0818-43D8-BE5A-25F56B33C33E}.Debug|Any CPU.Build.0 = Debug|Any CPU
		{D8900BBB-0818-43D8-BE5A-25F56B33C33E}.Release|Any CPU.ActiveCfg = Release|Any CPU
		{D8900BBB-0818-43D8-BE5A-25F56B33C33E}.Release|Any CPU.Build.0 = Release|Any CPU
	EndGlobalSection
EndGlobal
